
Microsoft Visual Studio Solution File, Format Version 12.00
# Visual Studio Version 16
VisualStudioVersion = 16.0.31515.178
MinimumVisualStudioVersion = 10.0.40219.1
Project("{FAE04EC0-301F-11D3-BF4B-00C04F79EFBC}") = "Basics", "Basics\Basics.csproj", "{195F7F09-8045-46AF-8E0D-A0387F6E589E}"
EndProject
Project("{FAE04EC0-301F-11D3-BF4B-00C04F79EFBC}") = "Basics.Core", "Basics.Core\Basics.Core.csproj", "{F3ECFAC5-C52E-4CEC-8697-BE3A11A7BEE1}"
EndProject
Project("{FAE04EC0-301F-11D3-BF4B-00C04F79EFBC}") = "Basics.Data", "Basics.Data\Basics.Data.csproj", "{660CB316-5E45-49DE-936B-9CA0C263B2C8}"
EndProject
Global
	GlobalSection(SolutionConfigurationPlatforms) = preSolution
		Debug|Any CPU = Debug|Any CPU
		Release|Any CPU = Release|Any CPU
	EndGlobalSection
	GlobalSection(ProjectConfigurationPlatforms) = postSolution
		{195F7F09-8045-46AF-8E0D-A0387F6E589E}.Debug|Any CPU.ActiveCfg = Debug|Any CPU
		{195F7F09-8045-46AF-8E0D-A0387F6E589E}.Debug|Any CPU.Build.0 = Debug|Any CPU
		{195F7F09-8045-46AF-8E0D-A0387F6E589E}.Release|Any CPU.ActiveCfg = Release|Any CPU
		{195F7F09-8045-46AF-8E0D-A0387F6E589E}.Release|Any CPU.Build.0 = Release|Any CPU
		{F3ECFAC5-C52E-4CEC-8697-BE3A11A7BEE1}.Debug|Any CPU.ActiveCfg = Debug|Any CPU
		{F3ECFAC5-C52E-4CEC-8697-BE3A11A7BEE1}.Debug|Any CPU.Build.0 = Debug|Any CPU
		{F3ECFAC5-C52E-4CEC-8697-BE3A11A7BEE1}.Release|Any CPU.ActiveCfg = Release|Any CPU
		{F3ECFAC5-C52E-4CEC-8697-BE3A11A7BEE1}.Release|Any CPU.Build.0 = Release|Any CPU
		{660CB316-5E45-49DE-936B-9CA0C263B2C8}.Debug|Any CPU.ActiveCfg = Debug|Any CPU
		{660CB316-5E45-49DE-936B-9CA0C263B2C8}.Debug|Any CPU.Build.0 = Debug|Any CPU
		{660CB316-5E45-49DE-936B-9CA0C263B2C8}.Release|Any CPU.ActiveCfg = Release|Any CPU
		{660CB316-5E45-49DE-936B-9CA0C263B2C8}.Release|Any CPU.Build.0 = Release|Any CPU
	EndGlobalSection
	GlobalSection(SolutionProperties) = preSolution
		HideSolutionNode = FALSE
	EndGlobalSection
	GlobalSection(ExtensibilityGlobals) = postSolution
		SolutionGuid = {4147FEEC-C73D-485B-AA06-D2F9459594F8}
	EndGlobalSection
EndGlobal
